
Microsoft Visual Studio Solution File, Format Version 12.00
# Visual Studio Version 16
VisualStudioVersion = 16.0.29806.167
MinimumVisualStudioVersion = 10.0.40219.1
Project("{FAE04EC0-301F-11D3-BF4B-00C04F79EFBC}") = "BackupSrv", "BackupSrv\BackupSrv.csproj", "{32B62FF2-1A60-414D-896F-646FAFF59B3F}"
EndProject
Project("{54435603-DBB4-11D2-8724-00A0C9A8B90C}") = "BackupService", "BackupService\BackupService.vdproj", "{E3A5A8E0-D222-43DA-B7F4-3CECA7BCFAC3}"
EndProject
Global
	GlobalSection(SolutionConfigurationPlatforms) = preSolution
		Debug|Any CPU = Debug|Any CPU
		Release|Any CPU = Release|Any CPU
	EndGlobalSection
	GlobalSection(ProjectConfigurationPlatforms) = postSolution
		{32B62FF2-1A60-414D-896F-646FAFF59B3F}.Debug|Any CPU.ActiveCfg = Debug|Any CPU
		{32B62FF2-1A60-414D-896F-646FAFF59B3F}.Debug|Any CPU.Build.0 = Debug|Any CPU
		{32B62FF2-1A60-414D-896F-646FAFF59B3F}.Release|Any CPU.ActiveCfg = Release|Any CPU
		{32B62FF2-1A60-414D-896F-646FAFF59B3F}.Release|Any CPU.Build.0 = Release|Any CPU
		{E3A5A8E0-D222-43DA-B7F4-3CECA7BCFAC3}.Debug|Any CPU.ActiveCfg = Debug
		{E3A5A8E0-D222-43DA-B7F4-3CECA7BCFAC3}.Release|Any CPU.ActiveCfg = Release
	EndGlobalSection
	GlobalSection(SolutionProperties) = preSolution
		HideSolutionNode = FALSE
	EndGlobalSection
	GlobalSection(ExtensibilityGlobals) = postSolution
		SolutionGuid = {9999B222-B613-482F-A371-905756B6078B}
	EndGlobalSection
EndGlobal
